// !$*UTF8*$!
{
	archiveVersion = 1;
	classes = {
	};
	objectVersion = 56;
	objects = {

/* Begin PBXBuildFile section */
		A76E4EBC29F5A6FD00315552 /* AppDelegate.swift in Sources */ = {isa = PBXBuildFile; fileRef = A76E4EBB29F5A6FD00315552 /* AppDelegate.swift */; };
		A76E4EBE29F5A6FD00315552 /* SceneDelegate.swift in Sources */ = {isa = PBXBuildFile; fileRef = A76E4EBD29F5A6FD00315552 /* SceneDelegate.swift */; };
		A76E4EC029F5A6FD00315552 /* HomeViewController.swift in Sources */ = {isa = PBXBuildFile; fileRef = A76E4EBF29F5A6FD00315552 /* HomeViewController.swift */; };
		A76E4EC629F5A6FD00315552 /* usg_cekirge_challenge.xcdatamodeld in Sources */ = {isa = PBXBuildFile; fileRef = A76E4EC429F5A6FD00315552 /* usg_cekirge_challenge.xcdatamodeld */; };
		A76E4EC829F5A6FF00315552 /* Assets.xcassets in Resources */ = {isa = PBXBuildFile; fileRef = A76E4EC729F5A6FF00315552 /* Assets.xcassets */; };
		A76E4ECB29F5A6FF00315552 /* LaunchScreen.storyboard in Resources */ = {isa = PBXBuildFile; fileRef = A76E4EC929F5A6FF00315552 /* LaunchScreen.storyboard */; };
		A76E4ED429F5A79A00315552 /* UIView+Anchor.swift in Sources */ = {isa = PBXBuildFile; fileRef = A76E4ED329F5A79A00315552 /* UIView+Anchor.swift */; };
		A76E4ED729F5B4A600315552 /* Alamofire in Frameworks */ = {isa = PBXBuildFile; productRef = A76E4ED629F5B4A600315552 /* Alamofire */; };
		A7CCE27B29F5BD9000C74402 /* ApiService.swift in Sources */ = {isa = PBXBuildFile; fileRef = A7CCE27A29F5BD9000C74402 /* ApiService.swift */; };
		A7CCE27D29F5E90B00C74402 /* SplashViewController.swift in Sources */ = {isa = PBXBuildFile; fileRef = A7CCE27C29F5E90A00C74402 /* SplashViewController.swift */; };
		A7CCE27F29F5ED1C00C74402 /* CharacterDetailsViewController.swift in Sources */ = {isa = PBXBuildFile; fileRef = A7CCE27E29F5ED1C00C74402 /* CharacterDetailsViewController.swift */; };
		A7CCE28429F5F59300C74402 /* SDWebImage in Frameworks */ = {isa = PBXBuildFile; productRef = A7CCE28329F5F59300C74402 /* SDWebImage */; };
/* End PBXBuildFile section */

/* Begin PBXFileReference section */
		A76E4EB829F5A6FD00315552 /* usg-cekirge-challenge.app */ = {isa = PBXFileReference; explicitFileType = wrapper.application; includeInIndex = 0; path = "usg-cekirge-challenge.app"; sourceTree = BUILT_PRODUCTS_DIR; };
		A76E4EBB29F5A6FD00315552 /* AppDelegate.swift */ = {isa = PBXFileReference; lastKnownFileType = sourcecode.swift; path = AppDelegate.swift; sourceTree = "<group>"; };
		A76E4EBD29F5A6FD00315552 /* SceneDelegate.swift */ = {isa = PBXFileReference; lastKnownFileType = sourcecode.swift; path = SceneDelegate.swift; sourceTree = "<group>"; };
		A76E4EBF29F5A6FD00315552 /* HomeViewController.swift */ = {isa = PBXFileReference; lastKnownFileType = sourcecode.swift; path = HomeViewController.swift; sourceTree = "<group>"; };
		A76E4EC529F5A6FD00315552 /* usg_cekirge_challenge.xcdatamodel */ = {isa = PBXFileReference; lastKnownFileType = wrapper.xcdatamodel; path = usg_cekirge_challenge.xcdatamodel; sourceTree = "<group>"; };
		A76E4EC729F5A6FF00315552 /* Assets.xcassets */ = {isa = PBXFileReference; lastKnownFileType = folder.assetcatalog; path = Assets.xcassets; sourceTree = "<group>"; };
		A76E4ECA29F5A6FF00315552 /* Base */ = {isa = PBXFileReference; lastKnownFileType = file.storyboard; name = Base; path = Base.lproj/LaunchScreen.storyboard; sourceTree = "<group>"; };
		A76E4ECC29F5A6FF00315552 /* Info.plist */ = {isa = PBXFileReference; lastKnownFileType = text.plist.xml; path = Info.plist; sourceTree = "<group>"; };
		A76E4ED329F5A79A00315552 /* UIView+Anchor.swift */ = {isa = PBXFileReference; lastKnownFileType = sourcecode.swift; path = "UIView+Anchor.swift"; sourceTree = "<group>"; };
		A7CCE27A29F5BD9000C74402 /* ApiService.swift */ = {isa = PBXFileReference; lastKnownFileType = sourcecode.swift; path = ApiService.swift; sourceTree = "<group>"; };
		A7CCE27C29F5E90A00C74402 /* SplashViewController.swift */ = {isa = PBXFileReference; lastKnownFileType = sourcecode.swift; path = SplashViewController.swift; sourceTree = "<group>"; };
		A7CCE27E29F5ED1C00C74402 /* CharacterDetailsViewController.swift */ = {isa = PBXFileReference; lastKnownFileType = sourcecode.swift; path = CharacterDetailsViewController.swift; sourceTree = "<group>"; };
/* End PBXFileReference section */

/* Begin PBXFrameworksBuildPhase section */
		A76E4EB529F5A6FD00315552 /* Frameworks */ = {
			isa = PBXFrameworksBuildPhase;
			buildActionMask = 2147483647;
			files = (
				A7CCE28429F5F59300C74402 /* SDWebImage in Frameworks */,
				A76E4ED729F5B4A600315552 /* Alamofire in Frameworks */,
			);
			runOnlyForDeploymentPostprocessing = 0;
		};
/* End PBXFrameworksBuildPhase section */

/* Begin PBXGroup section */
		A76E4EAF29F5A6FD00315552 = {
			isa = PBXGroup;
			children = (
				A76E4EBA29F5A6FD00315552 /* usg-cekirge-challenge */,
				A76E4EB929F5A6FD00315552 /* Products */,
			);
			sourceTree = "<group>";
		};
		A76E4EB929F5A6FD00315552 /* Products */ = {
			isa = PBXGroup;
			children = (
				A76E4EB829F5A6FD00315552 /* usg-cekirge-challenge.app */,
			);
			name = Products;
			sourceTree = "<group>";
		};
		A76E4EBA29F5A6FD00315552 /* usg-cekirge-challenge */ = {
			isa = PBXGroup;
			children = (
				A76E4ED229F5A77800315552 /* Extensions */,
				A76E4EBB29F5A6FD00315552 /* AppDelegate.swift */,
				A76E4EBD29F5A6FD00315552 /* SceneDelegate.swift */,
				A76E4EBF29F5A6FD00315552 /* HomeViewController.swift */,
				A7CCE27C29F5E90A00C74402 /* SplashViewController.swift */,
				A7CCE27E29F5ED1C00C74402 /* CharacterDetailsViewController.swift */,
				A7CCE27A29F5BD9000C74402 /* ApiService.swift */,
				A76E4EC729F5A6FF00315552 /* Assets.xcassets */,
				A76E4EC929F5A6FF00315552 /* LaunchScreen.storyboard */,
				A76E4ECC29F5A6FF00315552 /* Info.plist */,
				A76E4EC429F5A6FD00315552 /* usg_cekirge_challenge.xcdatamodeld */,
			);
			path = "usg-cekirge-challenge";
			sourceTree = "<group>";
		};
		A76E4ED229F5A77800315552 /* Extensions */ = {
			isa = PBXGroup;
			children = (
				A76E4ED329F5A79A00315552 /* UIView+Anchor.swift */,
			);
			path = Extensions;
			sourceTree = "<group>";
		};
/* End PBXGroup section */

/* Begin PBXNativeTarget section */
		A76E4EB729F5A6FD00315552 /* usg-cekirge-challenge */ = {
			isa = PBXNativeTarget;
			buildConfigurationList = A76E4ECF29F5A6FF00315552 /* Build configuration list for PBXNativeTarget "usg-cekirge-challenge" */;
			buildPhases = (
				A76E4EB429F5A6FD00315552 /* Sources */,
				A76E4EB529F5A6FD00315552 /* Frameworks */,
				A76E4EB629F5A6FD00315552 /* Resources */,
			);
			buildRules = (
			);
			dependencies = (
			);
			name = "usg-cekirge-challenge";
			packageProductDependencies = (
				A76E4ED629F5B4A600315552 /* Alamofire */,
				A7CCE28329F5F59300C74402 /* SDWebImage */,
			);
			productName = "usg-cekirge-challenge";
			productReference = A76E4EB829F5A6FD00315552 /* usg-cekirge-challenge.app */;
			productType = "com.apple.product-type.application";
		};
/* End PBXNativeTarget section */

/* Begin PBXProject section */
		A76E4EB029F5A6FD00315552 /* Project object */ = {
			isa = PBXProject;
			attributes = {
				BuildIndependentTargetsInParallel = 1;
				LastSwiftUpdateCheck = 1430;
				LastUpgradeCheck = 1430;
				TargetAttributes = {
					A76E4EB729F5A6FD00315552 = {
						CreatedOnToolsVersion = 14.3;
					};
				};
			};
			buildConfigurationList = A76E4EB329F5A6FD00315552 /* Build configuration list for PBXProject "usg-cekirge-challenge" */;
			compatibilityVersion = "Xcode 14.0";
			developmentRegion = en;
			hasScannedForEncodings = 0;
			knownRegions = (
				en,
				Base,
			);
			mainGroup = A76E4EAF29F5A6FD00315552;
			packageReferences = (
				A76E4ED529F5B4A600315552 /* XCRemoteSwiftPackageReference "Alamofire" */,
				A7CCE28229F5F59300C74402 /* XCRemoteSwiftPackageReference "SDWebImage" */,
			);
			productRefGroup = A76E4EB929F5A6FD00315552 /* Products */;
			projectDirPath = "";
			projectRoot = "";
			targets = (
				A76E4EB729F5A6FD00315552 /* usg-cekirge-challenge */,
			);
		};
/* End PBXProject section */

/* Begin PBXResourcesBuildPhase section */
		A76E4EB629F5A6FD00315552 /* Resources */ = {
			isa = PBXResourcesBuildPhase;
			buildActionMask = 2147483647;
			files = (
				A76E4ECB29F5A6FF00315552 /* LaunchScreen.storyboard in Resources */,
				A76E4EC829F5A6FF00315552 /* Assets.xcassets in Resources */,
			);
			runOnlyForDeploymentPostprocessing = 0;
		};
/* End PBXResourcesBuildPhase section */

/* Begin PBXSourcesBuildPhase section */
		A76E4EB429F5A6FD00315552 /* Sources */ = {
			isa = PBXSourcesBuildPhase;
			buildActionMask = 2147483647;
			files = (
				A76E4EC629F5A6FD00315552 /* usg_cekirge_challenge.xcdatamodeld in Sources */,
				A76E4EC029F5A6FD00315552 /* HomeViewController.swift in Sources */,
				A7CCE27B29F5BD9000C74402 /* ApiService.swift in Sources */,
				A76E4EBC29F5A6FD00315552 /* AppDelegate.swift in Sources */,
				A7CCE27D29F5E90B00C74402 /* SplashViewController.swift in Sources */,
				A7CCE27F29F5ED1C00C74402 /* CharacterDetailsViewController.swift in Sources */,
				A76E4EBE29F5A6FD00315552 /* SceneDelegate.swift in Sources */,
				A76E4ED429F5A79A00315552 /* UIView+Anchor.swift in Sources */,
			);
			runOnlyForDeploymentPostprocessing = 0;
		};
/* End PBXSourcesBuildPhase section */

/* Begin PBXVariantGroup section */
		A76E4EC929F5A6FF00315552 /* LaunchScreen.storyboard */ = {
			isa = PBXVariantGroup;
			children = (
				A76E4ECA29F5A6FF00315552 /* Base */,
			);
			name = LaunchScreen.storyboard;
			sourceTree = "<group>";
		};
/* End PBXVariantGroup section */

/* Begin XCBuildConfiguration section */
		A76E4ECD29F5A6FF00315552 /* Debug */ = {
			isa = XCBuildConfiguration;
			buildSettings = {
				ALWAYS_SEARCH_USER_PATHS = NO;
				CLANG_ANALYZER_NONNULL = YES;
				CLANG_ANALYZER_NUMBER_OBJECT_CONVERSION = YES_AGGRESSIVE;
				CLANG_CXX_LANGUAGE_STANDARD = "gnu++20";
				CLANG_ENABLE_MODULES = YES;
				CLANG_ENABLE_OBJC_ARC = YES;
				CLANG_ENABLE_OBJC_WEAK = YES;
				CLANG_WARN_BLOCK_CAPTURE_AUTORELEASING = YES;
				CLANG_WARN_BOOL_CONVERSION = YES;
				CLANG_WARN_COMMA = YES;
				CLANG_WARN_CONSTANT_CONVERSION = YES;
				CLANG_WARN_DEPRECATED_OBJC_IMPLEMENTATIONS = YES;
				CLANG_WARN_DIRECT_OBJC_ISA_USAGE = YES_ERROR;
				CLANG_WARN_DOCUMENTATION_COMMENTS = YES;
				CLANG_WARN_EMPTY_BODY = YES;
				CLANG_WARN_ENUM_CONVERSION = YES;
				CLANG_WARN_INFINITE_RECURSION = YES;
				CLANG_WARN_INT_CONVERSION = YES;
				CLANG_WARN_NON_LITERAL_NULL_CONVERSION = YES;
				CLANG_WARN_OBJC_IMPLICIT_RETAIN_SELF = YES;
				CLANG_WARN_OBJC_LITERAL_CONVERSION = YES;
				CLANG_WARN_OBJC_ROOT_CLASS = YES_ERROR;
				CLANG_WARN_QUOTED_INCLUDE_IN_FRAMEWORK_HEADER = YES;
				CLANG_WARN_RANGE_LOOP_ANALYSIS = YES;
				CLANG_WARN_STRICT_PROTOTYPES = YES;
				CLANG_WARN_SUSPICIOUS_MOVE = YES;
				CLANG_WARN_UNGUARDED_AVAILABILITY = YES_AGGRESSIVE;
				CLANG_WARN_UNREACHABLE_CODE = YES;
				CLANG_WARN__DUPLICATE_METHOD_MATCH = YES;
				COPY_PHASE_STRIP = NO;
				DEBUG_INFORMATION_FORMAT = dwarf;
				ENABLE_STRICT_OBJC_MSGSEND = YES;
				ENABLE_TESTABILITY = YES;
				GCC_C_LANGUAGE_STANDARD = gnu11;
				GCC_DYNAMIC_NO_PIC = NO;
				GCC_NO_COMMON_BLOCKS = YES;
				GCC_OPTIMIZATION_LEVEL = 0;
				GCC_PREPROCESSOR_DEFINITIONS = (
					"DEBUG=1",
					"$(inherited)",
				);
				GCC_WARN_64_TO_32_BIT_CONVERSION = YES;
				GCC_WARN_ABOUT_RETURN_TYPE = YES_ERROR;
				GCC_WARN_UNDECLARED_SELECTOR = YES;
				GCC_WARN_UNINITIALIZED_AUTOS = YES_AGGRESSIVE;
				GCC_WARN_UNUSED_FUNCTION = YES;
				GCC_WARN_UNUSED_VARIABLE = YES;
				IPHONEOS_DEPLOYMENT_TARGET = 16.4;
				MTL_ENABLE_DEBUG_INFO = INCLUDE_SOURCE;
				MTL_FAST_MATH = YES;
				ONLY_ACTIVE_ARCH = YES;
				SDKROOT = iphoneos;
				SWIFT_ACTIVE_COMPILATION_CONDITIONS = DEBUG;
				SWIFT_OPTIMIZATION_LEVEL = "-Onone";
			};
			name = Debug;
		};
		A76E4ECE29F5A6FF00315552 /* Release */ = {
			isa = XCBuildConfiguration;
			buildSettings = {
				ALWAYS_SEARCH_USER_PATHS = NO;
				CLANG_ANALYZER_NONNULL = YES;
				CLANG_ANALYZER_NUMBER_OBJECT_CONVERSION = YES_AGGRESSIVE;
				CLANG_CXX_LANGUAGE_STANDARD = "gnu++20";
				CLANG_ENABLE_MODULES = YES;
				CLANG_ENABLE_OBJC_ARC = YES;
				CLANG_ENABLE_OBJC_WEAK = YES;
				CLANG_WARN_BLOCK_CAPTURE_AUTORELEASING = YES;
				CLANG_WARN_BOOL_CONVERSION = YES;
				CLANG_WARN_COMMA = YES;
				CLANG_WARN_CONSTANT_CONVERSION = YES;
				CLANG_WARN_DEPRECATED_OBJC_IMPLEMENTATIONS = YES;
				CLANG_WARN_DIRECT_OBJC_ISA_USAGE = YES_ERROR;
				CLANG_WARN_DOCUMENTATION_COMMENTS = YES;
				CLANG_WARN_EMPTY_BODY = YES;
				CLANG_WARN_ENUM_CONVERSION = YES;
				CLANG_WARN_INFINITE_RECURSION = YES;
				CLANG_WARN_INT_CONVERSION = YES;
				CLANG_WARN_NON_LITERAL_NULL_CONVERSION = YES;
				CLANG_WARN_OBJC_IMPLICIT_RETAIN_SELF = YES;
				CLANG_WARN_OBJC_LITERAL_CONVERSION = YES;
				CLANG_WARN_OBJC_ROOT_CLASS = YES_ERROR;
				CLANG_WARN_QUOTED_INCLUDE_IN_FRAMEWORK_HEADER = YES;
				CLANG_WARN_RANGE_LOOP_ANALYSIS = YES;
				CLANG_WARN_STRICT_PROTOTYPES = YES;
				CLANG_WARN_SUSPICIOUS_MOVE = YES;
				CLANG_WARN_UNGUARDED_AVAILABILITY = YES_AGGRESSIVE;
				CLANG_WARN_UNREACHABLE_CODE = YES;
				CLANG_WARN__DUPLICATE_METHOD_MATCH = YES;
				COPY_PHASE_STRIP = NO;
				DEBUG_INFORMATION_FORMAT = "dwarf-with-dsym";
				ENABLE_NS_ASSERTIONS = NO;
				ENABLE_STRICT_OBJC_MSGSEND = YES;
				GCC_C_LANGUAGE_STANDARD = gnu11;
				GCC_NO_COMMON_BLOCKS = YES;
				GCC_WARN_64_TO_32_BIT_CONVERSION = YES;
				GCC_WARN_ABOUT_RETURN_TYPE = YES_ERROR;
				GCC_WARN_UNDECLARED_SELECTOR = YES;
				GCC_WARN_UNINITIALIZED_AUTOS = YES_AGGRESSIVE;
				GCC_WARN_UNUSED_FUNCTION = YES;
				GCC_WARN_UNUSED_VARIABLE = YES;
				IPHONEOS_DEPLOYMENT_TARGET = 16.4;
				MTL_ENABLE_DEBUG_INFO = NO;
				MTL_FAST_MATH = YES;
				SDKROOT = iphoneos;
				SWIFT_COMPILATION_MODE = wholemodule;
				SWIFT_OPTIMIZATION_LEVEL = "-O";
				VALIDATE_PRODUCT = YES;
			};
			name = Release;
		};
		A76E4ED029F5A6FF00315552 /* Debug */ = {
			isa = XCBuildConfiguration;
			buildSettings = {
				ASSETCATALOG_COMPILER_APPICON_NAME = AppIcon;
				ASSETCATALOG_COMPILER_GLOBAL_ACCENT_COLOR_NAME = AccentColor;
				CODE_SIGN_STYLE = Automatic;
				CURRENT_PROJECT_VERSION = 1;
				DEVELOPMENT_TEAM = RZB5WTQ7UH;
				GENERATE_INFOPLIST_FILE = YES;
				INFOPLIST_FILE = "usg-cekirge-challenge/Info.plist";
				INFOPLIST_KEY_UIApplicationSupportsIndirectInputEvents = YES;
				INFOPLIST_KEY_UILaunchStoryboardName = "";
				INFOPLIST_KEY_UISupportedInterfaceOrientations_iPad = "UIInterfaceOrientationPortrait UIInterfaceOrientationPortraitUpsideDown UIInterfaceOrientationLandscapeLeft UIInterfaceOrientationLandscapeRight";
				INFOPLIST_KEY_UISupportedInterfaceOrientations_iPhone = "UIInterfaceOrientationPortrait UIInterfaceOrientationLandscapeLeft UIInterfaceOrientationLandscapeRight";
				LD_RUNPATH_SEARCH_PATHS = (
					"$(inherited)",
					"@executable_path/Frameworks",
				);
				MARKETING_VERSION = 1.0;
				PRODUCT_BUNDLE_IDENTIFIER = "com.hakanor.usg-cekirge-challenge";
				PRODUCT_NAME = "$(TARGET_NAME)";
				SWIFT_EMIT_LOC_STRINGS = YES;
				SWIFT_VERSION = 5.0;
				TARGETED_DEVICE_FAMILY = "1,2";
			};
			name = Debug;
		};
		A76E4ED129F5A6FF00315552 /* Release */ = {
			isa = XCBuildConfiguration;
			buildSettings = {
				ASSETCATALOG_COMPILER_APPICON_NAME = AppIcon;
				ASSETCATALOG_COMPILER_GLOBAL_ACCENT_COLOR_NAME = AccentColor;
				CODE_SIGN_STYLE = Automatic;
				CURRENT_PROJECT_VERSION = 1;
				DEVELOPMENT_TEAM = RZB5WTQ7UH;
				GENERATE_INFOPLIST_FILE = YES;
				INFOPLIST_FILE = "usg-cekirge-challenge/Info.plist";
				INFOPLIST_KEY_UIApplicationSupportsIndirectInputEvents = YES;
				INFOPLIST_KEY_UILaunchStoryboardName = "";
				INFOPLIST_KEY_UISupportedInterfaceOrientations_iPad = "UIInterfaceOrientationPortrait UIInterfaceOrientationPortraitUpsideDown UIInterfaceOrientationLandscapeLeft UIInterfaceOrientationLandscapeRight";
				INFOPLIST_KEY_UISupportedInterfaceOrientations_iPhone = "UIInterfaceOrientationPortrait UIInterfaceOrientationLandscapeLeft UIInterfaceOrientationLandscapeRight";
				LD_RUNPATH_SEARCH_PATHS = (
					"$(inherited)",
					"@executable_path/Frameworks",
				);
				MARKETING_VERSION = 1.0;
				PRODUCT_BUNDLE_IDENTIFIER = "com.hakanor.usg-cekirge-challenge";
				PRODUCT_NAME = "$(TARGET_NAME)";
				SWIFT_EMIT_LOC_STRINGS = YES;
				SWIFT_VERSION = 5.0;
				TARGETED_DEVICE_FAMILY = "1,2";
			};
			name = Release;
		};
/* End XCBuildConfiguration section */

/* Begin XCConfigurationList section */
		A76E4EB329F5A6FD00315552 /* Build configuration list for PBXProject "usg-cekirge-challenge" */ = {
			isa = XCConfigurationList;
			buildConfigurations = (
				A76E4ECD29F5A6FF00315552 /* Debug */,
				A76E4ECE29F5A6FF00315552 /* Release */,
			);
			defaultConfigurationIsVisible = 0;
			defaultConfigurationName = Release;
		};
		A76E4ECF29F5A6FF00315552 /* Build configuration list for PBXNativeTarget "usg-cekirge-challenge" */ = {
			isa = XCConfigurationList;
			buildConfigurations = (
				A76E4ED029F5A6FF00315552 /* Debug */,
				A76E4ED129F5A6FF00315552 /* Release */,
			);
			defaultConfigurationIsVisible = 0;
			defaultConfigurationName = Release;
		};
/* End XCConfigurationList section */

/* Begin XCRemoteSwiftPackageReference section */
		A76E4ED529F5B4A600315552 /* XCRemoteSwiftPackageReference "Alamofire" */ = {
			isa = XCRemoteSwiftPackageReference;
			repositoryURL = "https://github.com/Alamofire/Alamofire.git";
			requirement = {
				kind = upToNextMajorVersion;
				minimumVersion = 5.0.0;
			};
		};
		A7CCE28229F5F59300C74402 /* XCRemoteSwiftPackageReference "SDWebImage" */ = {
			isa = XCRemoteSwiftPackageReference;
			repositoryURL = "https://github.com/SDWebImage/SDWebImage";
			requirement = {
				kind = upToNextMajorVersion;
				minimumVersion = 5.0.0;
			};
		};
/* End XCRemoteSwiftPackageReference section */

/* Begin XCSwiftPackageProductDependency section */
		A76E4ED629F5B4A600315552 /* Alamofire */ = {
			isa = XCSwiftPackageProductDependency;
			package = A76E4ED529F5B4A600315552 /* XCRemoteSwiftPackageReference "Alamofire" */;
			productName = Alamofire;
		};
		A7CCE28329F5F59300C74402 /* SDWebImage */ = {
			isa = XCSwiftPackageProductDependency;
			package = A7CCE28229F5F59300C74402 /* XCRemoteSwiftPackageReference "SDWebImage" */;
			productName = SDWebImage;
		};
/* End XCSwiftPackageProductDependency section */

/* Begin XCVersionGroup section */
		A76E4EC429F5A6FD00315552 /* usg_cekirge_challenge.xcdatamodeld */ = {
			isa = XCVersionGroup;
			children = (
				A76E4EC529F5A6FD00315552 /* usg_cekirge_challenge.xcdatamodel */,
			);
			currentVersion = A76E4EC529F5A6FD00315552 /* usg_cekirge_challenge.xcdatamodel */;
			path = usg_cekirge_challenge.xcdatamodeld;
			sourceTree = "<group>";
			versionGroupType = wrapper.xcdatamodel;
		};
/* End XCVersionGroup section */
	};
	rootObject = A76E4EB029F5A6FD00315552 /* Project object */;
}
